// !$*UTF8*$!
{
	archiveVersion = 1;
	classes = {
	};
	objectVersion = 46;
	objects = {

/* Begin PBXBuildFile section */
		AD90517D1BD2EE4A00EFDEBC /* RNQuickActionManager.m in Sources */ = {isa = PBXBuildFile; fileRef = AD90517B1BD2EE4A00EFDEBC /* RNQuickActionManager.m */; settings = {ASSET_TAGS = (); }; };
/* End PBXBuildFile section */

/* Begin PBXCopyFilesBuildPhase section */
		91090D891BB6C934009AE358 /* CopyFiles */ = {
			isa = PBXCopyFilesBuildPhase;
			buildActionMask = 2147483647;
			dstPath = "include/$(PRODUCT_NAME)";
			dstSubfolderSpec = 16;
			files = (
			);
			runOnlyForDeploymentPostprocessing = 0;
		};
/* End PBXCopyFilesBuildPhase section */

/* Begin PBXFileReference section */
		91090D8B1BB6C934009AE358 /* libRNQuickAction.a */ = {isa = PBXFileReference; explicitFileType = archive.ar; includeInIndex = 0; path = libRNQuickAction.a; sourceTree = BUILT_PRODUCTS_DIR; };
		AD90517B1BD2EE4A00EFDEBC /* RNQuickActionManager.m */ = {isa = PBXFileReference; fileEncoding = 4; lastKnownFileType = sourcecode.c.objc; path = RNQuickActionManager.m; sourceTree = "<group>"; };
		AD90517C1BD2EE4A00EFDEBC /* RNQuickActionManager.h */ = {isa = PBXFileReference; fileEncoding = 4; lastKnownFileType = sourcecode.c.h; path = RNQuickActionManager.h; sourceTree = "<group>"; };
/* End PBXFileReference section */

/* Begin PBXFrameworksBuildPhase section */
		91090D881BB6C934009AE358 /* Frameworks */ = {
			isa = PBXFrameworksBuildPhase;
			buildActionMask = 2147483647;
			files = (
			);
			runOnlyForDeploymentPostprocessing = 0;
		};
/* End PBXFrameworksBuildPhase section */

/* Begin PBXGroup section */
		91090D821BB6C934009AE358 = {
			isa = PBXGroup;
			children = (
				91090D8D1BB6C934009AE358 /* RNQuickAction */,
				91090D8C1BB6C934009AE358 /* Products */,
			);
			sourceTree = "<group>";
		};
		91090D8C1BB6C934009AE358 /* Products */ = {
			isa = PBXGroup;
			children = (
				91090D8B1BB6C934009AE358 /* libRNQuickAction.a */,
			);
			name = Products;
			sourceTree = "<group>";
		};
		91090D8D1BB6C934009AE358 /* RNQuickAction */ = {
			isa = PBXGroup;
			children = (
				AD90517B1BD2EE4A00EFDEBC /* RNQuickActionManager.m */,
				AD90517C1BD2EE4A00EFDEBC /* RNQuickActionManager.h */,
			);
			path = RNQuickAction;
			sourceTree = "<group>";
		};
/* End PBXGroup section */

/* Begin PBXNativeTarget section */
		91090D8A1BB6C934009AE358 /* RNQuickAction */ = {
			isa = PBXNativeTarget;
			buildConfigurationList = 91090D941BB6C934009AE358 /* Build configuration list for PBXNativeTarget "RNQuickAction" */;
			buildPhases = (
				91090D871BB6C934009AE358 /* Sources */,
				91090D881BB6C934009AE358 /* Frameworks */,
				91090D891BB6C934009AE358 /* CopyFiles */,
			);
			buildRules = (
			);
			dependencies = (
			);
			name = RNQuickAction;
			productName = RNQuickAction;
			productReference = 91090D8B1BB6C934009AE358 /* libRNQuickAction.a */;
			productType = "com.apple.product-type.library.static";
		};
/* End PBXNativeTarget section */

/* Begin PBXProject section */
		91090D831BB6C934009AE358 /* Project object */ = {
			isa = PBXProject;
			attributes = {
				LastUpgradeCheck = 0710;
				ORGANIZATIONNAME = "react-native";
				TargetAttributes = {
					91090D8A1BB6C934009AE358 = {
						CreatedOnToolsVersion = 7.1;
						DevelopmentTeam = 468H2V2QVS;
					};
				};
			};
			buildConfigurationList = 91090D861BB6C934009AE358 /* Build configuration list for PBXProject "RNQuickAction" */;
			compatibilityVersion = "Xcode 3.2";
			developmentRegion = English;
			hasScannedForEncodings = 0;
			knownRegions = (
				en,
			);
			mainGroup = 91090D821BB6C934009AE358;
			productRefGroup = 91090D8C1BB6C934009AE358 /* Products */;
			projectDirPath = "";
			projectRoot = "";
			targets = (
				91090D8A1BB6C934009AE358 /* RNQuickAction */,
			);
		};
/* End PBXProject section */

/* Begin PBXSourcesBuildPhase section */
		91090D871BB6C934009AE358 /* Sources */ = {
			isa = PBXSourcesBuildPhase;
			buildActionMask = 2147483647;
			files = (
				AD90517D1BD2EE4A00EFDEBC /* RNQuickActionManager.m in Sources */,
			);
			runOnlyForDeploymentPostprocessing = 0;
		};
/* End PBXSourcesBuildPhase section */

/* Begin XCBuildConfiguration section */
		91090D921BB6C934009AE358 /* Debug */ = {
			isa = XCBuildConfiguration;
			buildSettings = {
				ALWAYS_SEARCH_USER_PATHS = NO;
				CLANG_CXX_LANGUAGE_STANDARD = "gnu++0x";
				CLANG_CXX_LIBRARY = "libc++";
				CLANG_ENABLE_MODULES = YES;
				CLANG_ENABLE_OBJC_ARC = YES;
				CLANG_WARN_BOOL_CONVERSION = YES;
				CLANG_WARN_CONSTANT_CONVERSION = YES;
				CLANG_WARN_DIRECT_OBJC_ISA_USAGE = YES_ERROR;
				CLANG_WARN_EMPTY_BODY = YES;
				CLANG_WARN_ENUM_CONVERSION = YES;
				CLANG_WARN_INT_CONVERSION = YES;
				CLANG_WARN_OBJC_ROOT_CLASS = YES_ERROR;
				CLANG_WARN_UNREACHABLE_CODE = YES;
				CLANG_WARN__DUPLICATE_METHOD_MATCH = YES;
				"CODE_SIGN_IDENTITY[sdk=iphoneos*]" = "iPhone Developer";
				COPY_PHASE_STRIP = NO;
				DEBUG_INFORMATION_FORMAT = dwarf;
				ENABLE_STRICT_OBJC_MSGSEND = YES;
				ENABLE_TESTABILITY = YES;
				GCC_C_LANGUAGE_STANDARD = gnu99;
				GCC_DYNAMIC_NO_PIC = NO;
				GCC_NO_COMMON_BLOCKS = YES;
				GCC_OPTIMIZATION_LEVEL = 0;
				GCC_PREPROCESSOR_DEFINITIONS = (
					"DEBUG=1",
					"$(inherited)",
				);
				GCC_WARN_64_TO_32_BIT_CONVERSION = YES;
				GCC_WARN_ABOUT_RETURN_TYPE = YES_ERROR;
				GCC_WARN_UNDECLARED_SELECTOR = YES;
				GCC_WARN_UNINITIALIZED_AUTOS = YES_AGGRESSIVE;
				GCC_WARN_UNUSED_FUNCTION = YES;
				GCC_WARN_UNUSED_VARIABLE = YES;
				HEADER_SEARCH_PATHS = "$(SRCROOT)/../node_modules/react-native/React/**";
				IPHONEOS_DEPLOYMENT_TARGET = 9.0;
				MTL_ENABLE_DEBUG_INFO = YES;
				ONLY_ACTIVE_ARCH = YES;
				SDKROOT = iphoneos;
			};
			name = Debug;
		};
		91090D931BB6C934009AE358 /* Release */ = {
			isa = XCBuildConfiguration;
			buildSettings = {
				ALWAYS_SEARCH_USER_PATHS = NO;
				CLANG_CXX_LANGUAGE_STANDARD = "gnu++0x";
				CLANG_CXX_LIBRARY = "libc++";
				CLANG_ENABLE_MODULES = YES;
				CLANG_ENABLE_OBJC_ARC = YES;
				CLANG_WARN_BOOL_CONVERSION = YES;
				CLANG_WARN_CONSTANT_CONVERSION = YES;
				CLANG_WARN_DIRECT_OBJC_ISA_USAGE = YES_ERROR;
				CLANG_WARN_EMPTY_BODY = YES;
				CLANG_WARN_ENUM_CONVERSION = YES;
				CLANG_WARN_INT_CONVERSION = YES;
				CLANG_WARN_OBJC_ROOT_CLASS = YES_ERROR;
				CLANG_WARN_UNREACHABLE_CODE = YES;
				CLANG_WARN__DUPLICATE_METHOD_MATCH = YES;
				"CODE_SIGN_IDENTITY[sdk=iphoneos*]" = "iPhone Developer";
				COPY_PHASE_STRIP = NO;
				DEBUG_INFORMATION_FORMAT = "dwarf-with-dsym";
				ENABLE_NS_ASSERTIONS = NO;
				ENABLE_STRICT_OBJC_MSGSEND = YES;
				GCC_C_LANGUAGE_STANDARD = gnu99;
				GCC_NO_COMMON_BLOCKS = YES;
				GCC_WARN_64_TO_32_BIT_CONVERSION = YES;
				GCC_WARN_ABOUT_RETURN_TYPE = YES_ERROR;
				GCC_WARN_UNDECLARED_SELECTOR = YES;
				GCC_WARN_UNINITIALIZED_AUTOS = YES_AGGRESSIVE;
				GCC_WARN_UNUSED_FUNCTION = YES;
				GCC_WARN_UNUSED_VARIABLE = YES;
				HEADER_SEARCH_PATHS = "$(SRCROOT)/../node_modules/react-native/React/**";
				IPHONEOS_DEPLOYMENT_TARGET = 9.0;
				MTL_ENABLE_DEBUG_INFO = NO;
				SDKROOT = iphoneos;
				VALIDATE_PRODUCT = YES;
			};
			name = Release;
		};
		91090D951BB6C934009AE358 /* Debug */ = {
			isa = XCBuildConfiguration;
			buildSettings = {
				HEADER_SEARCH_PATHS = (
					"$(SRCROOT)/../node_modules/react-native/React/**",
					"$(SRCROOT)/../../react-native/React/**",
				);
				IPHONEOS_DEPLOYMENT_TARGET = 9.0;
				OTHER_LDFLAGS = "-ObjC";
				PRODUCT_NAME = "$(TARGET_NAME)";
				SKIP_INSTALL = YES;
			};
			name = Debug;
		};
		91090D961BB6C934009AE358 /* Release */ = {
			isa = XCBuildConfiguration;
			buildSettings = {
				HEADER_SEARCH_PATHS = (
					"$(SRCROOT)/../node_modules/react-native/React/**",
					"$(SRCROOT)/../../react-native/React/**",
				);
				IPHONEOS_DEPLOYMENT_TARGET = 9.0;
				OTHER_LDFLAGS = "-ObjC";
				PRODUCT_NAME = "$(TARGET_NAME)";
				SKIP_INSTALL = YES;
			};
			name = Release;
		};
/* End XCBuildConfiguration section */

/* Begin XCConfigurationList section */
		91090D861BB6C934009AE358 /* Build configuration list for PBXProject "RNQuickAction" */ = {
			isa = XCConfigurationList;
			buildConfigurations = (
				91090D921BB6C934009AE358 /* Debug */,
				91090D931BB6C934009AE358 /* Release */,
			);
			defaultConfigurationIsVisible = 0;
			defaultConfigurationName = Release;
		};
		91090D941BB6C934009AE358 /* Build configuration list for PBXNativeTarget "RNQuickAction" */ = {
			isa = XCConfigurationList;
			buildConfigurations = (
				91090D951BB6C934009AE358 /* Debug */,
				91090D961BB6C934009AE358 /* Release */,
			);
			defaultConfigurationIsVisible = 0;
			defaultConfigurationName = Release;
		};
/* End XCConfigurationList section */
	};
	rootObject = 91090D831BB6C934009AE358 /* Project object */;
}
